
Microsoft Visual Studio Solution File, Format Version 12.00
# Visual Studio Version 17
VisualStudioVersion = 17.4.33122.133
MinimumVisualStudioVersion = 10.0.40219.1
Project("{FAE04EC0-301F-11D3-BF4B-00C04F79EFBC}") = "ExercicioPermissao", "ExercicioPermissao\ExercicioPermissao.csproj", "{22D8B763-AC87-4F7D-93C2-AAB80FF2E3D7}"
EndProject
Global
	GlobalSection(SolutionConfigurationPlatforms) = preSolution
		Debug|Any CPU = Debug|Any CPU
		Release|Any CPU = Release|Any CPU
	EndGlobalSection
	GlobalSection(ProjectConfigurationPlatforms) = postSolution
		{22D8B763-AC87-4F7D-93C2-AAB80FF2E3D7}.Debug|Any CPU.ActiveCfg = Debug|Any CPU
		{22D8B763-AC87-4F7D-93C2-AAB80FF2E3D7}.Debug|Any CPU.Build.0 = Debug|Any CPU
		{22D8B763-AC87-4F7D-93C2-AAB80FF2E3D7}.Release|Any CPU.ActiveCfg = Release|Any CPU
		{22D8B763-AC87-4F7D-93C2-AAB80FF2E3D7}.Release|Any CPU.Build.0 = Release|Any CPU
	EndGlobalSection
	GlobalSection(SolutionProperties) = preSolution
		HideSolutionNode = FALSE
	EndGlobalSection
	GlobalSection(ExtensibilityGlobals) = postSolution
		SolutionGuid = {91CD7136-E144-4CB8-AE5B-4CCF88DE702A}
	EndGlobalSection
EndGlobal
